
Microsoft Visual Studio Solution File, Format Version 12.00
# Visual Studio Version 17
VisualStudioVersion = 17.14.36301.6 d17.14
MinimumVisualStudioVersion = 10.0.40219.1
Project("{FAE04EC0-301F-11D3-BF4B-00C04F79EFBC}") = "100_Dors", "100_Dors.csproj", "{D20BBB20-AE45-44D2-ABE2-73A335D011B7}"
EndProject
Global
	GlobalSection(SolutionConfigurationPlatforms) = preSolution
		Debug|Any CPU = Debug|Any CPU
		Release|Any CPU = Release|Any CPU
	EndGlobalSection
	GlobalSection(ProjectConfigurationPlatforms) = postSolution
		{D20BBB20-AE45-44D2-ABE2-73A335D011B7}.Debug|Any CPU.ActiveCfg = Debug|Any CPU
		{D20BBB20-AE45-44D2-ABE2-73A335D011B7}.Debug|Any CPU.Build.0 = Debug|Any CPU
		{D20BBB20-AE45-44D2-ABE2-73A335D011B7}.Release|Any CPU.ActiveCfg = Release|Any CPU
		{D20BBB20-AE45-44D2-ABE2-73A335D011B7}.Release|Any CPU.Build.0 = Release|Any CPU
	EndGlobalSection
	GlobalSection(SolutionProperties) = preSolution
		HideSolutionNode = FALSE
	EndGlobalSection
	GlobalSection(ExtensibilityGlobals) = postSolution
		SolutionGuid = {1BED5BE4-E3F9-402D-AA5C-66991D878704}
	EndGlobalSection
EndGlobal
