
Microsoft Visual Studio Solution File, Format Version 12.00
# Visual Studio Version 17
VisualStudioVersion = 17.14.36301.6 d17.14
MinimumVisualStudioVersion = 10.0.40219.1
Project("{FAE04EC0-301F-11D3-BF4B-00C04F79EFBC}") = "Gilded Rose", "Gilded Rose.csproj", "{DE805103-83BE-4BD5-90A4-47C92A195FEC}"
EndProject
Global
	GlobalSection(SolutionConfigurationPlatforms) = preSolution
		Debug|Any CPU = Debug|Any CPU
		Release|Any CPU = Release|Any CPU
	EndGlobalSection
	GlobalSection(ProjectConfigurationPlatforms) = postSolution
		{DE805103-83BE-4BD5-90A4-47C92A195FEC}.Debug|Any CPU.ActiveCfg = Debug|Any CPU
		{DE805103-83BE-4BD5-90A4-47C92A195FEC}.Debug|Any CPU.Build.0 = Debug|Any CPU
		{DE805103-83BE-4BD5-90A4-47C92A195FEC}.Release|Any CPU.ActiveCfg = Release|Any CPU
		{DE805103-83BE-4BD5-90A4-47C92A195FEC}.Release|Any CPU.Build.0 = Release|Any CPU
	EndGlobalSection
	GlobalSection(SolutionProperties) = preSolution
		HideSolutionNode = FALSE
	EndGlobalSection
	GlobalSection(ExtensibilityGlobals) = postSolution
		SolutionGuid = {1702FD36-A933-4A1E-A6D8-B81EFCA84CB3}
	EndGlobalSection
EndGlobal
